PODS:
  - ARNTransitionAnimator (3.0.5)

DEPENDENCIES:
  - ARNTransitionAnimator

SPEC REPOS:
  https://github.com/CocoaPods/Specs.git:
    - ARNTransitionAnimator

SPEC CHECKSUMS:
  ARNTransitionAnimator: a0bf0f696a0e19feb659104abb11601e72faebf1

PODFILE CHECKSUM: 497ff09ad40fcb34bf17160038b66de37abbe748

COCOAPODS: 1.5.0
