PODS:
  - ARNTransitionAnimator (3.0.7)

DEPENDENCIES:
  - ARNTransitionAnimator

SPEC REPOS:
  https://github.com/cocoapods/specs.git:
    - ARNTransitionAnimator

SPEC CHECKSUMS:
  ARNTransitionAnimator: 1adc6856ff23e245cadbf624d37cace9a1a1b6a9

PODFILE CHECKSUM: 497ff09ad40fcb34bf17160038b66de37abbe748

COCOAPODS: 1.5.3
