PODS:
  - ARNTransitionAnimator (3.0.4)

DEPENDENCIES:
  - ARNTransitionAnimator

SPEC REPOS:
  https://github.com/CocoaPods/Specs.git:
    - ARNTransitionAnimator

SPEC CHECKSUMS:
  ARNTransitionAnimator: e6fccd21556460a7a1bf181d69995127e1e614cc

PODFILE CHECKSUM: 497ff09ad40fcb34bf17160038b66de37abbe748

COCOAPODS: 1.5.0
